
Microsoft Visual Studio Solution File, Format Version 12.00
# Visual Studio 15
VisualStudioVersion = 15.0.27130.2010
MinimumVisualStudioVersion = 10.0.40219.1
Project("{FAE04EC0-301F-11D3-BF4B-00C04F79EFBC}") = "YouTubeDownloader", "YouTubeDownloader\YouTubeDownloader.csproj", "{9DF02ADE-BC4E-4619-8F74-8356949AD583}"
EndProject
Global
	GlobalSection(SolutionConfigurationPlatforms) = preSolution
		Debug|Any CPU = Debug|Any CPU
		Release|Any CPU = Release|Any CPU
	EndGlobalSection
	GlobalSection(ProjectConfigurationPlatforms) = postSolution
		{9DF02ADE-BC4E-4619-8F74-8356949AD583}.Debug|Any CPU.ActiveCfg = Debug|Any CPU
		{9DF02ADE-BC4E-4619-8F74-8356949AD583}.Debug|Any CPU.Build.0 = Debug|Any CPU
		{9DF02ADE-BC4E-4619-8F74-8356949AD583}.Release|Any CPU.ActiveCfg = Release|Any CPU
		{9DF02ADE-BC4E-4619-8F74-8356949AD583}.Release|Any CPU.Build.0 = Release|Any CPU
	EndGlobalSection
	GlobalSection(SolutionProperties) = preSolution
		HideSolutionNode = FALSE
	EndGlobalSection
	GlobalSection(ExtensibilityGlobals) = postSolution
		SolutionGuid = {6C6B15E9-822A-43CD-A7DC-207813E1CA3D}
	EndGlobalSection
EndGlobal
